
Microsoft Visual Studio Solution File, Format Version 12.00
# Visual Studio Version 17
VisualStudioVersion = 17.5.33627.172
MinimumVisualStudioVersion = 10.0.40219.1
Project("{FAE04EC0-301F-11D3-BF4B-00C04F79EFBC}") = "PortScan", "PortScan.csproj", "{E39AE6B9-B08B-41B9-8EE1-4DA12EDE73CA}"
EndProject
Project("{2150E333-8FDC-42A3-9474-1A3956D46DE8}") = "DI", "DI", "{79FCCB3E-31C2-47CF-A610-2AE10DB5CBF9}"
EndProject
Project("{2150E333-8FDC-42A3-9474-1A3956D46DE8}") = "UI", "UI", "{00CD0D9F-DA79-4AB0-9F22-E3311C3A2988}"
EndProject
Project("{FAE04EC0-301F-11D3-BF4B-00C04F79EFBC}") = "PortScanUI", "..\PortScan.UI\PortScanUI.csproj", "{740D8837-FA04-4276-824F-9F6DA322B324}"
EndProject
Global
	GlobalSection(SolutionConfigurationPlatforms) = preSolution
		Debug|Any CPU = Debug|Any CPU
		Release|Any CPU = Release|Any CPU
	EndGlobalSection
	GlobalSection(ProjectConfigurationPlatforms) = postSolution
		{E39AE6B9-B08B-41B9-8EE1-4DA12EDE73CA}.Debug|Any CPU.ActiveCfg = Debug|Any CPU
		{E39AE6B9-B08B-41B9-8EE1-4DA12EDE73CA}.Debug|Any CPU.Build.0 = Debug|Any CPU
		{E39AE6B9-B08B-41B9-8EE1-4DA12EDE73CA}.Release|Any CPU.ActiveCfg = Release|Any CPU
		{E39AE6B9-B08B-41B9-8EE1-4DA12EDE73CA}.Release|Any CPU.Build.0 = Release|Any CPU
		{740D8837-FA04-4276-824F-9F6DA322B324}.Debug|Any CPU.ActiveCfg = Debug|Any CPU
		{740D8837-FA04-4276-824F-9F6DA322B324}.Debug|Any CPU.Build.0 = Debug|Any CPU
		{740D8837-FA04-4276-824F-9F6DA322B324}.Release|Any CPU.ActiveCfg = Release|Any CPU
		{740D8837-FA04-4276-824F-9F6DA322B324}.Release|Any CPU.Build.0 = Release|Any CPU
	EndGlobalSection
	GlobalSection(SolutionProperties) = preSolution
		HideSolutionNode = FALSE
	EndGlobalSection
	GlobalSection(NestedProjects) = preSolution
		{E39AE6B9-B08B-41B9-8EE1-4DA12EDE73CA} = {79FCCB3E-31C2-47CF-A610-2AE10DB5CBF9}
		{740D8837-FA04-4276-824F-9F6DA322B324} = {00CD0D9F-DA79-4AB0-9F22-E3311C3A2988}
	EndGlobalSection
	GlobalSection(ExtensibilityGlobals) = postSolution
		SolutionGuid = {851250F4-D1DE-4411-8BB3-0F41C747AFC1}
	EndGlobalSection
EndGlobal
